
Microsoft Visual Studio Solution File, Format Version 12.00
# Visual Studio Version 17
VisualStudioVersion = 17.4.33205.214
MinimumVisualStudioVersion = 10.0.40219.1
Project("{9A19103F-16F7-4668-BE54-9A1E7A4F7556}") = "MyProject2", "MyProject2\MyProject2.csproj", "{7E832FEA-1879-456F-88F5-55609B9B2B12}"
EndProject
Project("{FAE04EC0-301F-11D3-BF4B-00C04F79EFBC}") = "Client", "Client\Client.csproj", "{FB0BA1AE-E971-497E-B099-A5F3870131E1}"
EndProject
Global
	GlobalSection(SolutionConfigurationPlatforms) = preSolution
		Debug|Any CPU = Debug|Any CPU
		Release|Any CPU = Release|Any CPU
	EndGlobalSection
	GlobalSection(ProjectConfigurationPlatforms) = postSolution
		{7E832FEA-1879-456F-88F5-55609B9B2B12}.Debug|Any CPU.ActiveCfg = Debug|Any CPU
		{7E832FEA-1879-456F-88F5-55609B9B2B12}.Debug|Any CPU.Build.0 = Debug|Any CPU
		{7E832FEA-1879-456F-88F5-55609B9B2B12}.Release|Any CPU.ActiveCfg = Release|Any CPU
		{7E832FEA-1879-456F-88F5-55609B9B2B12}.Release|Any CPU.Build.0 = Release|Any CPU
		{FB0BA1AE-E971-497E-B099-A5F3870131E1}.Debug|Any CPU.ActiveCfg = Debug|Any CPU
		{FB0BA1AE-E971-497E-B099-A5F3870131E1}.Debug|Any CPU.Build.0 = Debug|Any CPU
		{FB0BA1AE-E971-497E-B099-A5F3870131E1}.Release|Any CPU.ActiveCfg = Release|Any CPU
		{FB0BA1AE-E971-497E-B099-A5F3870131E1}.Release|Any CPU.Build.0 = Release|Any CPU
	EndGlobalSection
	GlobalSection(SolutionProperties) = preSolution
		HideSolutionNode = FALSE
	EndGlobalSection
	GlobalSection(ExtensibilityGlobals) = postSolution
		SolutionGuid = {C553FC1B-9A66-4314-A5EF-FBCC86AEEBCF}
	EndGlobalSection
EndGlobal
